
Microsoft Visual Studio Solution File, Format Version 12.00
# Visual Studio Version 17
VisualStudioVersion = 17.13.35825.156 d17.13
MinimumVisualStudioVersion = 10.0.40219.1
Project("{FAE04EC0-301F-11D3-BF4B-00C04F79EFBC}") = "GorselProgramlamaOdev3", "GorselProgramlamaOdev3\GorselProgramlamaOdev3.csproj", "{1A27C144-3A71-44D3-961A-EAB2F8B91319}"
EndProject
Global
	GlobalSection(SolutionConfigurationPlatforms) = preSolution
		Debug|Any CPU = Debug|Any CPU
		Release|Any CPU = Release|Any CPU
	EndGlobalSection
	GlobalSection(ProjectConfigurationPlatforms) = postSolution
		{1A27C144-3A71-44D3-961A-EAB2F8B91319}.Debug|Any CPU.ActiveCfg = Debug|Any CPU
		{1A27C144-3A71-44D3-961A-EAB2F8B91319}.Debug|Any CPU.Build.0 = Debug|Any CPU
		{1A27C144-3A71-44D3-961A-EAB2F8B91319}.Release|Any CPU.ActiveCfg = Release|Any CPU
		{1A27C144-3A71-44D3-961A-EAB2F8B91319}.Release|Any CPU.Build.0 = Release|Any CPU
	EndGlobalSection
	GlobalSection(SolutionProperties) = preSolution
		HideSolutionNode = FALSE
	EndGlobalSection
	GlobalSection(ExtensibilityGlobals) = postSolution
		SolutionGuid = {1605745B-83AF-4B36-A2B1-F7E26F145CE1}
	EndGlobalSection
EndGlobal
